version = 1
requires-python = ">=3.12"

[[package]]
name = "scripts"
version = "0.1.0"
source = { editable = "." }
dependencies = [
    { name = "watchdog" },
]

[package.metadata]
requires-dist = [{ name = "watchdog", specifier = ">=4.0.2" }]

[[package]]
name = "watchdog"
version = "4.0.2"
source = { registry = "https://pypi.org/simple" }
sdist = { url = "https://files.pythonhosted.org/packages/4f/38/764baaa25eb5e35c9a043d4c4588f9836edfe52a708950f4b6d5f714fd42/watchdog-4.0.2.tar.gz", hash = "sha256:b4dfbb6c49221be4535623ea4474a4d6ee0a9cef4a80b20c28db4d858b64e270", size = 126587 }
wheels = [
    { url = "https://files.pythonhosted.org/packages/92/f5/ea22b095340545faea37ad9a42353b265ca751f543da3fb43f5d00cdcd21/watchdog-4.0.2-cp312-cp312-macosx_10_9_universal2.whl", hash = "sha256:1cdcfd8142f604630deef34722d695fb455d04ab7cfe9963055df1fc69e6727a", size = 100342 },
    { url = "https://files.pythonhosted.org/packages/cb/d2/8ce97dff5e465db1222951434e3115189ae54a9863aef99c6987890cc9ef/watchdog-4.0.2-cp312-cp312-macosx_10_9_x86_64.whl", hash = "sha256:d7ab624ff2f663f98cd03c8b7eedc09375a911794dfea6bf2a359fcc266bff29", size = 92306 },
    { url = "https://files.pythonhosted.org/packages/49/c4/1aeba2c31b25f79b03b15918155bc8c0b08101054fc727900f1a577d0d54/watchdog-4.0.2-cp312-cp312-macosx_11_0_arm64.whl", hash = "sha256:132937547a716027bd5714383dfc40dc66c26769f1ce8a72a859d6a48f371f3a", size = 92915 },
    { url = "https://files.pythonhosted.org/packages/79/63/eb8994a182672c042d85a33507475c50c2ee930577524dd97aea05251527/watchdog-4.0.2-cp313-cp313-macosx_10_13_universal2.whl", hash = "sha256:cd67c7df93eb58f360c43802acc945fa8da70c675b6fa37a241e17ca698ca49b", size = 100343 },
    { url = "https://files.pythonhosted.org/packages/ce/82/027c0c65c2245769580605bcd20a1dc7dfd6c6683c8c4e2ef43920e38d27/watchdog-4.0.2-cp313-cp313-macosx_10_13_x86_64.whl", hash = "sha256:bcfd02377be80ef3b6bc4ce481ef3959640458d6feaae0bd43dd90a43da90a7d", size = 92313 },
    { url = "https://files.pythonhosted.org/packages/2a/89/ad4715cbbd3440cb0d336b78970aba243a33a24b1a79d66f8d16b4590d6a/watchdog-4.0.2-cp313-cp313-macosx_11_0_arm64.whl", hash = "sha256:980b71510f59c884d684b3663d46e7a14b457c9611c481e5cef08f4dd022eed7", size = 92919 },
    { url = "https://files.pythonhosted.org/packages/8a/b1/25acf6767af6f7e44e0086309825bd8c098e301eed5868dc5350642124b9/watchdog-4.0.2-py3-none-manylinux2014_aarch64.whl", hash = "sha256:936acba76d636f70db8f3c66e76aa6cb5136a936fc2a5088b9ce1c7a3508fc83", size = 82947 },
    { url = "https://files.pythonhosted.org/packages/e8/90/aebac95d6f954bd4901f5d46dcd83d68e682bfd21798fd125a95ae1c9dbf/watchdog-4.0.2-py3-none-manylinux2014_armv7l.whl", hash = "sha256:e252f8ca942a870f38cf785aef420285431311652d871409a64e2a0a52a2174c", size = 82942 },
    { url = "https://files.pythonhosted.org/packages/15/3a/a4bd8f3b9381824995787488b9282aff1ed4667e1110f31a87b871ea851c/watchdog-4.0.2-py3-none-manylinux2014_i686.whl", hash = "sha256:0e83619a2d5d436a7e58a1aea957a3c1ccbf9782c43c0b4fed80580e5e4acd1a", size = 82947 },
    { url = "https://files.pythonhosted.org/packages/09/cc/238998fc08e292a4a18a852ed8274159019ee7a66be14441325bcd811dfd/watchdog-4.0.2-py3-none-manylinux2014_ppc64.whl", hash = "sha256:88456d65f207b39f1981bf772e473799fcdc10801062c36fd5ad9f9d1d463a73", size = 82946 },
    { url = "https://files.pythonhosted.org/packages/80/f1/d4b915160c9d677174aa5fae4537ae1f5acb23b3745ab0873071ef671f0a/watchdog-4.0.2-py3-none-manylinux2014_ppc64le.whl", hash = "sha256:32be97f3b75693a93c683787a87a0dc8db98bb84701539954eef991fb35f5fbc", size = 82947 },
    { url = "https://files.pythonhosted.org/packages/db/02/56ebe2cf33b352fe3309588eb03f020d4d1c061563d9858a9216ba004259/watchdog-4.0.2-py3-none-manylinux2014_s390x.whl", hash = "sha256:c82253cfc9be68e3e49282831afad2c1f6593af80c0daf1287f6a92657986757", size = 82944 },
    { url = "https://files.pythonhosted.org/packages/01/d2/c8931ff840a7e5bd5dcb93f2bb2a1fd18faf8312e9f7f53ff1cf76ecc8ed/watchdog-4.0.2-py3-none-manylinux2014_x86_64.whl", hash = "sha256:c0b14488bd336c5b1845cee83d3e631a1f8b4e9c5091ec539406e4a324f882d8", size = 82947 },
    { url = "https://files.pythonhosted.org/packages/d0/d8/cdb0c21a4a988669d7c210c75c6a2c9a0e16a3b08d9f7e633df0d9a16ad8/watchdog-4.0.2-py3-none-win32.whl", hash = "sha256:0d8a7e523ef03757a5aa29f591437d64d0d894635f8a50f370fe37f913ce4e19", size = 82935 },
    { url = "https://files.pythonhosted.org/packages/99/2e/b69dfaae7a83ea64ce36538cc103a3065e12c447963797793d5c0a1d5130/watchdog-4.0.2-py3-none-win_amd64.whl", hash = "sha256:c344453ef3bf875a535b0488e3ad28e341adbd5a9ffb0f7d62cefacc8824ef2b", size = 82934 },
    { url = "https://files.pythonhosted.org/packages/b0/0b/43b96a9ecdd65ff5545b1b13b687ca486da5c6249475b1a45f24d63a1858/watchdog-4.0.2-py3-none-win_ia64.whl", hash = "sha256:baececaa8edff42cd16558a639a9b0ddf425f93d892e8392a56bf904f5eff22c", size = 82933 },
]
