version = 1
requires-python = ">=3.12"

[[package]]
name = "hello-world"
version = "0.1.0"
source = { virtual = "." }
dependencies = [
    { name = "pytubefix" },
]

[package.metadata]
requires-dist = [{ name = "pytubefix", specifier = ">=8.8.2" }]

[[package]]
name = "pytubefix"
version = "8.9.0"
source = { registry = "https://pypi.org/simple" }
sdist = { url = "https://files.pythonhosted.org/packages/89/f8/349ddf671f8d1010f8dda36958144fb10ef0e040e25f519435dcd7fa1653/pytubefix-8.9.0.tar.gz", hash = "sha256:3aaed3284a59684c3a7e06e548c899c51f56ec5460b2a9ad7d642909e9f327b2", size = 88775 }
wheels = [
    { url = "https://files.pythonhosted.org/packages/5b/47/3e24d6299e13180e1c6a59fbe49bd5c32f6366434838ebc2fe6fea25ffbe/pytubefix-8.9.0-py3-none-any.whl", hash = "sha256:4dde8ff0734f12e002a7990e70d3c0cecde23b20412f82ebca20b6b8b627eba7", size = 85535 },
]
