{
  "version": "4",
  "redirects": {
    "https://deno.land/std/webgpu/mod.ts": "https://deno.land/std@0.224.0/webgpu/mod.ts"
  },
  "remote": {
    "https://deno.land/std@0.125.0/encoding/base64.ts": "784384e3cc39c59534d15f71e87f5b8da73cc5e1460417eb32ec9d62617d4f87",
    "https://deno.land/std@0.206.0/async/delay.ts": "a6142eb44cdd856b645086af2b811b1fcce08ec06bb7d50969e6a872ee9b8659",
    "https://deno.land/std@0.206.0/http/server.ts": "1aebcfb61a5918b15af128e32adbcea166fa28e02c53d544b41e39d2c6cfa24b",
    "https://deno.land/std@0.213.0/assert/assert_exists.ts": "24a7bf965e634f909242cd09fbaf38bde6b791128ece08e33ab08586a7cc55c9",
    "https://deno.land/std@0.213.0/assert/assertion_error.ts": "9f689a101ee586c4ce92f52fa7ddd362e86434ffdf1f848e45987dc7689976b8",
    "https://deno.land/std@0.213.0/webgpu/create_capture.ts": "3d4324626f99d45a660bc451dea3066040737885f83f817c3c1297009afdd8a4",
    "https://deno.land/std@0.213.0/webgpu/describe_texture_format.ts": "838f712648dbf303f777c8cd26c5545aeaf605e6012b042e2409aafb8f372144",
    "https://deno.land/std@0.213.0/webgpu/mod.ts": "ad997fb1a36f5bbf6ec8edcde35a6ca55b43a61d66f4df315a2c425d4fda4fdc",
    "https://deno.land/std@0.213.0/webgpu/row_padding.ts": "97616a266c33f9ac56efb2682a84c0e7a75523fc40b47147b237459ec38b31ba",
    "https://deno.land/std@0.213.0/webgpu/texture_with_data.ts": "854f3eb76bd9ad783f041ed77a04636f8d737dd1e66daadd6b076293755077d5",
    "https://deno.land/std@0.224.0/assert/assert_exists.ts": "43420cf7f956748ae6ed1230646567b3593cb7a36c5a5327269279c870c5ddfd",
    "https://deno.land/std@0.224.0/assert/assertion_error.ts": "ba8752bd27ebc51f723702fac2f54d3e94447598f54264a6653d6413738a8917",
    "https://deno.land/std@0.224.0/webgpu/create_capture.ts": "3d4324626f99d45a660bc451dea3066040737885f83f817c3c1297009afdd8a4",
    "https://deno.land/std@0.224.0/webgpu/describe_texture_format.ts": "838f712648dbf303f777c8cd26c5545aeaf605e6012b042e2409aafb8f372144",
    "https://deno.land/std@0.224.0/webgpu/mod.ts": "615d463783d836a5a338e00d521747058625badfaaa061097909c9a464d6aee0",
    "https://deno.land/std@0.224.0/webgpu/row_padding.ts": "7971b59b876e5853792f60a9ee924d1a42307c5aff38eee3d7497ccabe78597b",
    "https://deno.land/std@0.224.0/webgpu/texture_with_data.ts": "854f3eb76bd9ad783f041ed77a04636f8d737dd1e66daadd6b076293755077d5",
    "https://deno.land/std@0.97.0/encoding/base64.ts": "eecae390f1f1d1cae6f6c6d732ede5276bf4b9cd29b1d281678c054dc5cc009e",
    "https://deno.land/x/binary_reader@v0.1.4/binary_reader.ts": "f6fdcea4230fac3e8b129f65a7e56779fa58075bf0ecb0319b14e706a49a8213",
    "https://deno.land/x/binary_reader@v0.1.4/mod.ts": "95dcc140be22a1e67361de6b98d3c6092fe267a4d9da7eb583ea5f4bf03b839f",
    "https://deno.land/x/gmath@0.1.11/mod.ts": "696f0a39bef39268a717f110b391a2280f1a25072546d88ada03bd0aba03279b",
    "https://deno.land/x/gmath@0.1.11/src/angle.ts": "116e5d0495900ff17352f8bab6765332d76ac672a93ec69afbb5f80576aa2169",
    "https://deno.land/x/gmath@0.1.11/src/decomposed.ts": "0ebd6ee5276fb74ec8f0decdd9c7b08c98609d7dc382c38696ebde3c27176ba2",
    "https://deno.land/x/gmath@0.1.11/src/matrix2.ts": "4b89304811d5c8cf55586a9ac103812666e4a3ccede21d12c62ca5c2a1fb3a56",
    "https://deno.land/x/gmath@0.1.11/src/matrix3.ts": "a198ccc90d010cde481daa24350241e63fc7eb3eab9c5d2efc88903d895b1492",
    "https://deno.land/x/gmath@0.1.11/src/matrix4.ts": "4a588ffcec8a2d0a922163e5425e69916533c811042dbb7f1603f136076d379e",
    "https://deno.land/x/gmath@0.1.11/src/projection.ts": "5f9bd9fe110276db5ad30ee4380df5d15a147ed4b75fab03728821f42ebc1a4d",
    "https://deno.land/x/gmath@0.1.11/src/quaternion.ts": "575d4e0ee783dfd0440593285b64a87238d022f0b758612624d65a8d2f8f915a",
    "https://deno.land/x/gmath@0.1.11/src/util.ts": "1b19327d98124babb35a3a19084919384f107d7dc8ea1c995538a34817f57c19",
    "https://deno.land/x/gmath@0.1.11/src/vector2.ts": "f9da5bd2c17aa9b4199991ab8bc64d1d7b7a2cc0425a354350c2e7c18ddfc204",
    "https://deno.land/x/gmath@0.1.11/src/vector3.ts": "30b920c9e98bd9fe06ee61f66016a8f7fa3235a95f3151c85c602a6b88cc0a00",
    "https://deno.land/x/gmath@0.1.11/src/vector4.ts": "c7240ab5e5d087dd1091ce904f721df80457894e81ce0b5a23272c5045df61ee",
    "https://deno.land/x/gmath@0.1.11/wasm/mod.ts": "724fed398ddc3c261e72946a73cf8cc2eee08ae599327e85e8a90d9752481ad7",
    "https://deno.land/x/gmath@0.1.11/wasm/wasm.js": "77db62126e548d63271853ec35371630dbe84707456f293f5ab8bd2bae6bb831",
    "https://deno.land/x/lz4@v0.1.2/mod.ts": "4decfc1a3569d03fd1813bd39128b71c8f082850fe98ecfdde20025772916582",
    "https://deno.land/x/lz4@v0.1.2/wasm.js": "b9c65605327ba273f0c76a6dc596ec534d4cda0f0225d7a94ebc606782319e46",
    "https://deno.land/x/png@v0.0.1/chunks/IHDR.ts": "aeb18158a65cf62519cf7b2471e6c01a9ccefa16b50c9d489fc459c9a76fa604",
    "https://deno.land/x/png@v0.0.1/chunks/chunk.ts": "b09ef543fd5db1b7311e169a656b016819b1424961b91092023c8544e1013c3f",
    "https://deno.land/x/png@v0.0.1/chunks/index.ts": "36ee084aec050c0d237b1a10a943b8ab508b0b3390442bab660bd21539fd6dfd",
    "https://deno.land/x/png@v0.0.1/load.ts": "482a5c3f51fe846c6a92b83fefd05c7454affcd142784682fb91c56c315d53d2",
    "https://deno.land/x/png@v0.0.1/mod.ts": "7f49e854485a4f94d4d737d5a826b68987146a485ca85df645184c35a4597377",
    "https://deno.land/x/png@v0.0.1/signature.ts": "f0c58bdd29c9c0712420d0c1f6f196cbc6d1ce7c6962472fa9e0fa4a58b4f80b",
    "https://deno.land/x/pngs@0.1.1/mod.ts": "9dc8a7daed1497b94a77b68c954164a9f0b2a6f40866481bdfdbbaf015b5f764",
    "https://deno.land/x/pngs@0.1.1/wasm.js": "e3d4a8f293b267c9859a2164ca7b4603869bc92fe0d5ad4f109925858bce0c4c"
  },
  "workspace": {
    "dependencies": [
      "jsr:@david/dax@0.41",
      "jsr:@std/webgpu@0.224"
    ],
    "packageJson": {
      "dependencies": [
        "npm:@anthropic-ai/sdk@0.29",
        "npm:@egoist/tailwindcss-icons@^1.7.4",
        "npm:@ffmpeg-installer/ffmpeg@^1.1.0",
        "npm:@headlessui/react@^2.1.10",
        "npm:@heroicons/react@^2.1.4",
        "npm:@iconify-json/mdi@^1.1.66",
        "npm:@livekit/rtc-node@latest",
        "npm:@observablehq/runtime@5",
        "npm:@octokit/rest@^21.0.2",
        "npm:@tailwindcss/forms@~0.5.9",
        "npm:@vitejs/plugin-react@^4.3.2",
        "npm:@vue/compiler-sfc@^3.5.12",
        "npm:autoprefixer@^10.4.20",
        "npm:clsx@^2.1.1",
        "npm:d3@^7.9.0",
        "npm:daisyui@4.6.1",
        "npm:dotenv@^16.4.5",
        "npm:eslint-config-prettier@^9.1.0",
        "npm:express@^4.21.1",
        "npm:ffmpeg-static@^5.2.0",
        "npm:fluent-ffmpeg@^2.1.3",
        "npm:gmath@^0.0.6",
        "npm:http-proxy-middleware@^3.0.3",
        "npm:livekit-client@^2.5.7",
        "npm:livekit-server-sdk@^2.7.0",
        "npm:marked@^14.1.3",
        "npm:octokit@^4.0.2",
        "npm:ollama@~0.5.9",
        "npm:openai@^4.67.3",
        "npm:playwright@^1.48.1",
        "npm:postcss@^8.4.47",
        "npm:prettier@^3.3.3",
        "npm:react-dom@^18.3.1",
        "npm:react-router-dom@^6.27.0",
        "npm:react@^18.3.1",
        "npm:replicate@1",
        "npm:sqlite3@^5.1.7",
        "npm:standard@^17.1.2",
        "npm:tailwindcss-3d@^1.0.7",
        "npm:tailwindcss@^3.4.13",
        "npm:three@0.169",
        "npm:underscore@^1.13.7",
        "npm:vite@^5.4.8",
        "npm:vitepress@^1.4.1"
      ]
    }
  }
}
